// !$*UTF8*$!
{
	archiveVersion = 1;
	classes = {
	};
	objectVersion = 50;
	objects = {

/* Begin PBXBuildFile section */
		BB72D4A1242D53C9005499AB /* AppDelegate.swift in Sources */ = {isa = PBXBuildFile; fileRef = BB72D4A0242D53C9005499AB /* AppDelegate.swift */; };
		BB72D4A3242D53C9005499AB /* SceneDelegate.swift in Sources */ = {isa = PBXBuildFile; fileRef = BB72D4A2242D53C9005499AB /* SceneDelegate.swift */; };
		BB72D4A5242D53C9005499AB /* WelcomePageVC.swift in Sources */ = {isa = PBXBuildFile; fileRef = BB72D4A4242D53C9005499AB /* WelcomePageVC.swift */; };
		BB72D4A8242D53C9005499AB /* Main.storyboard in Resources */ = {isa = PBXBuildFile; fileRef = BB72D4A6242D53C9005499AB /* Main.storyboard */; };
		BB72D4AA242D53DC005499AB /* Assets.xcassets in Resources */ = {isa = PBXBuildFile; fileRef = BB72D4A9242D53DC005499AB /* Assets.xcassets */; };
		BB72D4AD242D53DC005499AB /* LaunchScreen.storyboard in Resources */ = {isa = PBXBuildFile; fileRef = BB72D4AB242D53DC005499AB /* LaunchScreen.storyboard */; };
		BB72D4B8242D53DD005499AB /* bbva_projectTests.swift in Sources */ = {isa = PBXBuildFile; fileRef = BB72D4B7242D53DD005499AB /* bbva_projectTests.swift */; };
		BB72D4C3242D53DD005499AB /* bbva_projectUITests.swift in Sources */ = {isa = PBXBuildFile; fileRef = BB72D4C2242D53DD005499AB /* bbva_projectUITests.swift */; };
		BB72D4D2242F7338005499AB /* LoginFormVC.swift in Sources */ = {isa = PBXBuildFile; fileRef = BB72D4D1242F7338005499AB /* LoginFormVC.swift */; };
		BB72D4D724323235005499AB /* BentonSansBBVA-Light.ttf in Resources */ = {isa = PBXBuildFile; fileRef = BB72D4D424323233005499AB /* BentonSansBBVA-Light.ttf */; };
		BB72D4D824323235005499AB /* BentonSansBBVA-Medium.ttf in Resources */ = {isa = PBXBuildFile; fileRef = BB72D4D524323234005499AB /* BentonSansBBVA-Medium.ttf */; };
		BB72D4D924323235005499AB /* BentonSansBBVA-Book.ttf in Resources */ = {isa = PBXBuildFile; fileRef = BB72D4D624323234005499AB /* BentonSansBBVA-Book.ttf */; };
		BB72D4DB243238C8005499AB /* Styles.swift in Sources */ = {isa = PBXBuildFile; fileRef = BB72D4DA243238C8005499AB /* Styles.swift */; };
		BB72D4DE24343141005499AB /* CredentialStorage.swift in Sources */ = {isa = PBXBuildFile; fileRef = BB72D4DD24343141005499AB /* CredentialStorage.swift */; };
		BB72D4E024346150005499AB /* WelcomePageShow.swift in Sources */ = {isa = PBXBuildFile; fileRef = BB72D4DF24346150005499AB /* WelcomePageShow.swift */; };
/* End PBXBuildFile section */

/* Begin PBXContainerItemProxy section */
		BB72D4B4242D53DD005499AB /* PBXContainerItemProxy */ = {
			isa = PBXContainerItemProxy;
			containerPortal = BB72D495242D53C9005499AB /* Project object */;
			proxyType = 1;
			remoteGlobalIDString = BB72D49C242D53C9005499AB;
			remoteInfo = "bbva-project";
		};
		BB72D4BF242D53DD005499AB /* PBXContainerItemProxy */ = {
			isa = PBXContainerItemProxy;
			containerPortal = BB72D495242D53C9005499AB /* Project object */;
			proxyType = 1;
			remoteGlobalIDString = BB72D49C242D53C9005499AB;
			remoteInfo = "bbva-project";
		};
/* End PBXContainerItemProxy section */

/* Begin PBXFileReference section */
		BB72D49D242D53C9005499AB /* bbva-project.app */ = {isa = PBXFileReference; explicitFileType = wrapper.application; includeInIndex = 0; path = "bbva-project.app"; sourceTree = BUILT_PRODUCTS_DIR; };
		BB72D4A0242D53C9005499AB /* AppDelegate.swift */ = {isa = PBXFileReference; lastKnownFileType = sourcecode.swift; path = AppDelegate.swift; sourceTree = "<group>"; };
		BB72D4A2242D53C9005499AB /* SceneDelegate.swift */ = {isa = PBXFileReference; lastKnownFileType = sourcecode.swift; path = SceneDelegate.swift; sourceTree = "<group>"; };
		BB72D4A4242D53C9005499AB /* WelcomePageVC.swift */ = {isa = PBXFileReference; lastKnownFileType = sourcecode.swift; path = WelcomePageVC.swift; sourceTree = "<group>"; };
		BB72D4A7242D53C9005499AB /* Base */ = {isa = PBXFileReference; lastKnownFileType = file.storyboard; name = Base; path = Base.lproj/Main.storyboard; sourceTree = "<group>"; };
		BB72D4A9242D53DC005499AB /* Assets.xcassets */ = {isa = PBXFileReference; lastKnownFileType = folder.assetcatalog; path = Assets.xcassets; sourceTree = "<group>"; };
		BB72D4AC242D53DC005499AB /* Base */ = {isa = PBXFileReference; lastKnownFileType = file.storyboard; name = Base; path = Base.lproj/LaunchScreen.storyboard; sourceTree = "<group>"; };
		BB72D4AE242D53DC005499AB /* Info.plist */ = {isa = PBXFileReference; lastKnownFileType = text.plist.xml; path = Info.plist; sourceTree = "<group>"; };
		BB72D4B3242D53DD005499AB /* bbva-projectTests.xctest */ = {isa = PBXFileReference; explicitFileType = wrapper.cfbundle; includeInIndex = 0; path = "bbva-projectTests.xctest"; sourceTree = BUILT_PRODUCTS_DIR; };
		BB72D4B7242D53DD005499AB /* bbva_projectTests.swift */ = {isa = PBXFileReference; lastKnownFileType = sourcecode.swift; path = bbva_projectTests.swift; sourceTree = "<group>"; };
		BB72D4B9242D53DD005499AB /* Info.plist */ = {isa = PBXFileReference; lastKnownFileType = text.plist.xml; path = Info.plist; sourceTree = "<group>"; };
		BB72D4BE242D53DD005499AB /* bbva-projectUITests.xctest */ = {isa = PBXFileReference; explicitFileType = wrapper.cfbundle; includeInIndex = 0; path = "bbva-projectUITests.xctest"; sourceTree = BUILT_PRODUCTS_DIR; };
		BB72D4C2242D53DD005499AB /* bbva_projectUITests.swift */ = {isa = PBXFileReference; lastKnownFileType = sourcecode.swift; path = bbva_projectUITests.swift; sourceTree = "<group>"; };
		BB72D4C4242D53DD005499AB /* Info.plist */ = {isa = PBXFileReference; lastKnownFileType = text.plist.xml; path = Info.plist; sourceTree = "<group>"; };
		BB72D4D1242F7338005499AB /* LoginFormVC.swift */ = {isa = PBXFileReference; lastKnownFileType = sourcecode.swift; path = LoginFormVC.swift; sourceTree = "<group>"; };
		BB72D4D424323233005499AB /* BentonSansBBVA-Light.ttf */ = {isa = PBXFileReference; lastKnownFileType = file; path = "BentonSansBBVA-Light.ttf"; sourceTree = "<group>"; };
		BB72D4D524323234005499AB /* BentonSansBBVA-Medium.ttf */ = {isa = PBXFileReference; lastKnownFileType = file; path = "BentonSansBBVA-Medium.ttf"; sourceTree = "<group>"; };
		BB72D4D624323234005499AB /* BentonSansBBVA-Book.ttf */ = {isa = PBXFileReference; lastKnownFileType = file; path = "BentonSansBBVA-Book.ttf"; sourceTree = "<group>"; };
		BB72D4DA243238C8005499AB /* Styles.swift */ = {isa = PBXFileReference; lastKnownFileType = sourcecode.swift; path = Styles.swift; sourceTree = "<group>"; };
		BB72D4DD24343141005499AB /* CredentialStorage.swift */ = {isa = PBXFileReference; lastKnownFileType = sourcecode.swift; path = CredentialStorage.swift; sourceTree = "<group>"; };
		BB72D4DF24346150005499AB /* WelcomePageShow.swift */ = {isa = PBXFileReference; lastKnownFileType = sourcecode.swift; path = WelcomePageShow.swift; sourceTree = "<group>"; };
/* End PBXFileReference section */

/* Begin PBXFrameworksBuildPhase section */
		BB72D49A242D53C9005499AB /* Frameworks */ = {
			isa = PBXFrameworksBuildPhase;
			buildActionMask = 2147483647;
			files = (
			);
			runOnlyForDeploymentPostprocessing = 0;
		};
		BB72D4B0242D53DD005499AB /* Frameworks */ = {
			isa = PBXFrameworksBuildPhase;
			buildActionMask = 2147483647;
			files = (
			);
			runOnlyForDeploymentPostprocessing = 0;
		};
		BB72D4BB242D53DD005499AB /* Frameworks */ = {
			isa = PBXFrameworksBuildPhase;
			buildActionMask = 2147483647;
			files = (
			);
			runOnlyForDeploymentPostprocessing = 0;
		};
/* End PBXFrameworksBuildPhase section */

/* Begin PBXGroup section */
		BB72D494242D53C9005499AB = {
			isa = PBXGroup;
			children = (
				BB72D49F242D53C9005499AB /* bbva-project */,
				BB72D4B6242D53DD005499AB /* bbva-projectTests */,
				BB72D4C1242D53DD005499AB /* bbva-projectUITests */,
				BB72D49E242D53C9005499AB /* Products */,
			);
			sourceTree = "<group>";
		};
		BB72D49E242D53C9005499AB /* Products */ = {
			isa = PBXGroup;
			children = (
				BB72D49D242D53C9005499AB /* bbva-project.app */,
				BB72D4B3242D53DD005499AB /* bbva-projectTests.xctest */,
				BB72D4BE242D53DD005499AB /* bbva-projectUITests.xctest */,
			);
			name = Products;
			sourceTree = "<group>";
		};
		BB72D49F242D53C9005499AB /* bbva-project */ = {
			isa = PBXGroup;
			children = (
				BB72D4DC2434311E005499AB /* Storage */,
				BB72D4D324323208005499AB /* Resources */,
				BB72D4D0242D65CF005499AB /* ViewControllers */,
				BB72D4A0242D53C9005499AB /* AppDelegate.swift */,
				BB72D4A6242D53C9005499AB /* Main.storyboard */,
				BB72D4A2242D53C9005499AB /* SceneDelegate.swift */,
				BB72D4A9242D53DC005499AB /* Assets.xcassets */,
				BB72D4AB242D53DC005499AB /* LaunchScreen.storyboard */,
				BB72D4AE242D53DC005499AB /* Info.plist */,
				BB72D4DA243238C8005499AB /* Styles.swift */,
			);
			path = "bbva-project";
			sourceTree = "<group>";
		};
		BB72D4B6242D53DD005499AB /* bbva-projectTests */ = {
			isa = PBXGroup;
			children = (
				BB72D4B7242D53DD005499AB /* bbva_projectTests.swift */,
				BB72D4B9242D53DD005499AB /* Info.plist */,
			);
			path = "bbva-projectTests";
			sourceTree = "<group>";
		};
		BB72D4C1242D53DD005499AB /* bbva-projectUITests */ = {
			isa = PBXGroup;
			children = (
				BB72D4C2242D53DD005499AB /* bbva_projectUITests.swift */,
				BB72D4C4242D53DD005499AB /* Info.plist */,
			);
			path = "bbva-projectUITests";
			sourceTree = "<group>";
		};
		BB72D4D0242D65CF005499AB /* ViewControllers */ = {
			isa = PBXGroup;
			children = (
				BB72D4A4242D53C9005499AB /* WelcomePageVC.swift */,
				BB72D4D1242F7338005499AB /* LoginFormVC.swift */,
			);
			path = ViewControllers;
			sourceTree = "<group>";
		};
		BB72D4D324323208005499AB /* Resources */ = {
			isa = PBXGroup;
			children = (
				BB72D4D624323234005499AB /* BentonSansBBVA-Book.ttf */,
				BB72D4D424323233005499AB /* BentonSansBBVA-Light.ttf */,
				BB72D4D524323234005499AB /* BentonSansBBVA-Medium.ttf */,
			);
			path = Resources;
			sourceTree = "<group>";
		};
		BB72D4DC2434311E005499AB /* Storage */ = {
			isa = PBXGroup;
			children = (
				BB72D4DD24343141005499AB /* CredentialStorage.swift */,
				BB72D4DF24346150005499AB /* WelcomePageShow.swift */,
			);
			path = Storage;
			sourceTree = "<group>";
		};
/* End PBXGroup section */

/* Begin PBXNativeTarget section */
		BB72D49C242D53C9005499AB /* bbva-project */ = {
			isa = PBXNativeTarget;
			buildConfigurationList = BB72D4C7242D53DD005499AB /* Build configuration list for PBXNativeTarget "bbva-project" */;
			buildPhases = (
				BB72D499242D53C9005499AB /* Sources */,
				BB72D49A242D53C9005499AB /* Frameworks */,
				BB72D49B242D53C9005499AB /* Resources */,
			);
			buildRules = (
			);
			dependencies = (
			);
			name = "bbva-project";
			productName = "bbva-project";
			productReference = BB72D49D242D53C9005499AB /* bbva-project.app */;
			productType = "com.apple.product-type.application";
		};
		BB72D4B2242D53DD005499AB /* bbva-projectTests */ = {
			isa = PBXNativeTarget;
			buildConfigurationList = BB72D4CA242D53DD005499AB /* Build configuration list for PBXNativeTarget "bbva-projectTests" */;
			buildPhases = (
				BB72D4AF242D53DD005499AB /* Sources */,
				BB72D4B0242D53DD005499AB /* Frameworks */,
				BB72D4B1242D53DD005499AB /* Resources */,
			);
			buildRules = (
			);
			dependencies = (
				BB72D4B5242D53DD005499AB /* PBXTargetDependency */,
			);
			name = "bbva-projectTests";
			productName = "bbva-projectTests";
			productReference = BB72D4B3242D53DD005499AB /* bbva-projectTests.xctest */;
			productType = "com.apple.product-type.bundle.unit-test";
		};
		BB72D4BD242D53DD005499AB /* bbva-projectUITests */ = {
			isa = PBXNativeTarget;
			buildConfigurationList = BB72D4CD242D53DD005499AB /* Build configuration list for PBXNativeTarget "bbva-projectUITests" */;
			buildPhases = (
				BB72D4BA242D53DD005499AB /* Sources */,
				BB72D4BB242D53DD005499AB /* Frameworks */,
				BB72D4BC242D53DD005499AB /* Resources */,
			);
			buildRules = (
			);
			dependencies = (
				BB72D4C0242D53DD005499AB /* PBXTargetDependency */,
			);
			name = "bbva-projectUITests";
			productName = "bbva-projectUITests";
			productReference = BB72D4BE242D53DD005499AB /* bbva-projectUITests.xctest */;
			productType = "com.apple.product-type.bundle.ui-testing";
		};
/* End PBXNativeTarget section */

/* Begin PBXProject section */
		BB72D495242D53C9005499AB /* Project object */ = {
			isa = PBXProject;
			attributes = {
				LastSwiftUpdateCheck = 1110;
				LastUpgradeCheck = 1110;
				ORGANIZATIONNAME = "Mobile Roshka";
				TargetAttributes = {
					BB72D49C242D53C9005499AB = {
						CreatedOnToolsVersion = 11.1;
					};
					BB72D4B2242D53DD005499AB = {
						CreatedOnToolsVersion = 11.1;
						TestTargetID = BB72D49C242D53C9005499AB;
					};
					BB72D4BD242D53DD005499AB = {
						CreatedOnToolsVersion = 11.1;
						TestTargetID = BB72D49C242D53C9005499AB;
					};
				};
			};
			buildConfigurationList = BB72D498242D53C9005499AB /* Build configuration list for PBXProject "bbva-project" */;
			compatibilityVersion = "Xcode 9.3";
			developmentRegion = en;
			hasScannedForEncodings = 0;
			knownRegions = (
				en,
				Base,
			);
			mainGroup = BB72D494242D53C9005499AB;
			productRefGroup = BB72D49E242D53C9005499AB /* Products */;
			projectDirPath = "";
			projectRoot = "";
			targets = (
				BB72D49C242D53C9005499AB /* bbva-project */,
				BB72D4B2242D53DD005499AB /* bbva-projectTests */,
				BB72D4BD242D53DD005499AB /* bbva-projectUITests */,
			);
		};
/* End PBXProject section */

/* Begin PBXResourcesBuildPhase section */
		BB72D49B242D53C9005499AB /* Resources */ = {
			isa = PBXResourcesBuildPhase;
			buildActionMask = 2147483647;
			files = (
				BB72D4AD242D53DC005499AB /* LaunchScreen.storyboard in Resources */,
				BB72D4AA242D53DC005499AB /* Assets.xcassets in Resources */,
				BB72D4A8242D53C9005499AB /* Main.storyboard in Resources */,
				BB72D4D924323235005499AB /* BentonSansBBVA-Book.ttf in Resources */,
				BB72D4D824323235005499AB /* BentonSansBBVA-Medium.ttf in Resources */,
				BB72D4D724323235005499AB /* BentonSansBBVA-Light.ttf in Resources */,
			);
			runOnlyForDeploymentPostprocessing = 0;
		};
		BB72D4B1242D53DD005499AB /* Resources */ = {
			isa = PBXResourcesBuildPhase;
			buildActionMask = 2147483647;
			files = (
			);
			runOnlyForDeploymentPostprocessing = 0;
		};
		BB72D4BC242D53DD005499AB /* Resources */ = {
			isa = PBXResourcesBuildPhase;
			buildActionMask = 2147483647;
			files = (
			);
			runOnlyForDeploymentPostprocessing = 0;
		};
/* End PBXResourcesBuildPhase section */

/* Begin PBXSourcesBuildPhase section */
		BB72D499242D53C9005499AB /* Sources */ = {
			isa = PBXSourcesBuildPhase;
			buildActionMask = 2147483647;
			files = (
				BB72D4E024346150005499AB /* WelcomePageShow.swift in Sources */,
				BB72D4A5242D53C9005499AB /* WelcomePageVC.swift in Sources */,
				BB72D4DB243238C8005499AB /* Styles.swift in Sources */,
				BB72D4A1242D53C9005499AB /* AppDelegate.swift in Sources */,
				BB72D4D2242F7338005499AB /* LoginFormVC.swift in Sources */,
				BB72D4DE24343141005499AB /* CredentialStorage.swift in Sources */,
				BB72D4A3242D53C9005499AB /* SceneDelegate.swift in Sources */,
			);
			runOnlyForDeploymentPostprocessing = 0;
		};
		BB72D4AF242D53DD005499AB /* Sources */ = {
			isa = PBXSourcesBuildPhase;
			buildActionMask = 2147483647;
			files = (
				BB72D4B8242D53DD005499AB /* bbva_projectTests.swift in Sources */,
			);
			runOnlyForDeploymentPostprocessing = 0;
		};
		BB72D4BA242D53DD005499AB /* Sources */ = {
			isa = PBXSourcesBuildPhase;
			buildActionMask = 2147483647;
			files = (
				BB72D4C3242D53DD005499AB /* bbva_projectUITests.swift in Sources */,
			);
			runOnlyForDeploymentPostprocessing = 0;
		};
/* End PBXSourcesBuildPhase section */

/* Begin PBXTargetDependency section */
		BB72D4B5242D53DD005499AB /* PBXTargetDependency */ = {
			isa = PBXTargetDependency;
			target = BB72D49C242D53C9005499AB /* bbva-project */;
			targetProxy = BB72D4B4242D53DD005499AB /* PBXContainerItemProxy */;
		};
		BB72D4C0242D53DD005499AB /* PBXTargetDependency */ = {
			isa = PBXTargetDependency;
			target = BB72D49C242D53C9005499AB /* bbva-project */;
			targetProxy = BB72D4BF242D53DD005499AB /* PBXContainerItemProxy */;
		};
/* End PBXTargetDependency section */

/* Begin PBXVariantGroup section */
		BB72D4A6242D53C9005499AB /* Main.storyboard */ = {
			isa = PBXVariantGroup;
			children = (
				BB72D4A7242D53C9005499AB /* Base */,
			);
			name = Main.storyboard;
			sourceTree = "<group>";
		};
		BB72D4AB242D53DC005499AB /* LaunchScreen.storyboard */ = {
			isa = PBXVariantGroup;
			children = (
				BB72D4AC242D53DC005499AB /* Base */,
			);
			name = LaunchScreen.storyboard;
			sourceTree = "<group>";
		};
/* End PBXVariantGroup section */

/* Begin XCBuildConfiguration section */
		BB72D4C5242D53DD005499AB /* Debug */ = {
			isa = XCBuildConfiguration;
			buildSettings = {
				ALWAYS_SEARCH_USER_PATHS = NO;
				CLANG_ANALYZER_NONNULL = YES;
				CLANG_ANALYZER_NUMBER_OBJECT_CONVERSION = YES_AGGRESSIVE;
				CLANG_CXX_LANGUAGE_STANDARD = "gnu++14";
				CLANG_CXX_LIBRARY = "libc++";
				CLANG_ENABLE_MODULES = YES;
				CLANG_ENABLE_OBJC_ARC = YES;
				CLANG_ENABLE_OBJC_WEAK = YES;
				CLANG_WARN_BLOCK_CAPTURE_AUTORELEASING = YES;
				CLANG_WARN_BOOL_CONVERSION = YES;
				CLANG_WARN_COMMA = YES;
				CLANG_WARN_CONSTANT_CONVERSION = YES;
				CLANG_WARN_DEPRECATED_OBJC_IMPLEMENTATIONS = YES;
				CLANG_WARN_DIRECT_OBJC_ISA_USAGE = YES_ERROR;
				CLANG_WARN_DOCUMENTATION_COMMENTS = YES;
				CLANG_WARN_EMPTY_BODY = YES;
				CLANG_WARN_ENUM_CONVERSION = YES;
				CLANG_WARN_INFINITE_RECURSION = YES;
				CLANG_WARN_INT_CONVERSION = YES;
				CLANG_WARN_NON_LITERAL_NULL_CONVERSION = YES;
				CLANG_WARN_OBJC_IMPLICIT_RETAIN_SELF = YES;
				CLANG_WARN_OBJC_LITERAL_CONVERSION = YES;
				CLANG_WARN_OBJC_ROOT_CLASS = YES_ERROR;
				CLANG_WARN_RANGE_LOOP_ANALYSIS = YES;
				CLANG_WARN_STRICT_PROTOTYPES = YES;
				CLANG_WARN_SUSPICIOUS_MOVE = YES;
				CLANG_WARN_UNGUARDED_AVAILABILITY = YES_AGGRESSIVE;
				CLANG_WARN_UNREACHABLE_CODE = YES;
				CLANG_WARN__DUPLICATE_METHOD_MATCH = YES;
				COPY_PHASE_STRIP = NO;
				DEBUG_INFORMATION_FORMAT = dwarf;
				ENABLE_STRICT_OBJC_MSGSEND = YES;
				ENABLE_TESTABILITY = YES;
				GCC_C_LANGUAGE_STANDARD = gnu11;
				GCC_DYNAMIC_NO_PIC = NO;
				GCC_NO_COMMON_BLOCKS = YES;
				GCC_OPTIMIZATION_LEVEL = 0;
				GCC_PREPROCESSOR_DEFINITIONS = (
					"DEBUG=1",
					"$(inherited)",
				);
				GCC_WARN_64_TO_32_BIT_CONVERSION = YES;
				GCC_WARN_ABOUT_RETURN_TYPE = YES_ERROR;
				GCC_WARN_UNDECLARED_SELECTOR = YES;
				GCC_WARN_UNINITIALIZED_AUTOS = YES_AGGRESSIVE;
				GCC_WARN_UNUSED_FUNCTION = YES;
				GCC_WARN_UNUSED_VARIABLE = YES;
				IPHONEOS_DEPLOYMENT_TARGET = 13.1;
				MTL_ENABLE_DEBUG_INFO = INCLUDE_SOURCE;
				MTL_FAST_MATH = YES;
				ONLY_ACTIVE_ARCH = YES;
				SDKROOT = iphoneos;
				SWIFT_ACTIVE_COMPILATION_CONDITIONS = DEBUG;
				SWIFT_OPTIMIZATION_LEVEL = "-Onone";
			};
			name = Debug;
		};
		BB72D4C6242D53DD005499AB /* Release */ = {
			isa = XCBuildConfiguration;
			buildSettings = {
				ALWAYS_SEARCH_USER_PATHS = NO;
				CLANG_ANALYZER_NONNULL = YES;
				CLANG_ANALYZER_NUMBER_OBJECT_CONVERSION = YES_AGGRESSIVE;
				CLANG_CXX_LANGUAGE_STANDARD = "gnu++14";
				CLANG_CXX_LIBRARY = "libc++";
				CLANG_ENABLE_MODULES = YES;
				CLANG_ENABLE_OBJC_ARC = YES;
				CLANG_ENABLE_OBJC_WEAK = YES;
				CLANG_WARN_BLOCK_CAPTURE_AUTORELEASING = YES;
				CLANG_WARN_BOOL_CONVERSION = YES;
				CLANG_WARN_COMMA = YES;
				CLANG_WARN_CONSTANT_CONVERSION = YES;
				CLANG_WARN_DEPRECATED_OBJC_IMPLEMENTATIONS = YES;
				CLANG_WARN_DIRECT_OBJC_ISA_USAGE = YES_ERROR;
				CLANG_WARN_DOCUMENTATION_COMMENTS = YES;
				CLANG_WARN_EMPTY_BODY = YES;
				CLANG_WARN_ENUM_CONVERSION = YES;
				CLANG_WARN_INFINITE_RECURSION = YES;
				CLANG_WARN_INT_CONVERSION = YES;
				CLANG_WARN_NON_LITERAL_NULL_CONVERSION = YES;
				CLANG_WARN_OBJC_IMPLICIT_RETAIN_SELF = YES;
				CLANG_WARN_OBJC_LITERAL_CONVERSION = YES;
				CLANG_WARN_OBJC_ROOT_CLASS = YES_ERROR;
				CLANG_WARN_RANGE_LOOP_ANALYSIS = YES;
				CLANG_WARN_STRICT_PROTOTYPES = YES;
				CLANG_WARN_SUSPICIOUS_MOVE = YES;
				CLANG_WARN_UNGUARDED_AVAILABILITY = YES_AGGRESSIVE;
				CLANG_WARN_UNREACHABLE_CODE = YES;
				CLANG_WARN__DUPLICATE_METHOD_MATCH = YES;
				COPY_PHASE_STRIP = NO;
				DEBUG_INFORMATION_FORMAT = "dwarf-with-dsym";
				ENABLE_NS_ASSERTIONS = NO;
				ENABLE_STRICT_OBJC_MSGSEND = YES;
				GCC_C_LANGUAGE_STANDARD = gnu11;
				GCC_NO_COMMON_BLOCKS = YES;
				GCC_WARN_64_TO_32_BIT_CONVERSION = YES;
				GCC_WARN_ABOUT_RETURN_TYPE = YES_ERROR;
				GCC_WARN_UNDECLARED_SELECTOR = YES;
				GCC_WARN_UNINITIALIZED_AUTOS = YES_AGGRESSIVE;
				GCC_WARN_UNUSED_FUNCTION = YES;
				GCC_WARN_UNUSED_VARIABLE = YES;
				IPHONEOS_DEPLOYMENT_TARGET = 13.1;
				MTL_ENABLE_DEBUG_INFO = NO;
				MTL_FAST_MATH = YES;
				SDKROOT = iphoneos;
				SWIFT_COMPILATION_MODE = wholemodule;
				SWIFT_OPTIMIZATION_LEVEL = "-O";
				VALIDATE_PRODUCT = YES;
			};
			name = Release;
		};
		BB72D4C8242D53DD005499AB /* Debug */ = {
			isa = XCBuildConfiguration;
			buildSettings = {
				ASSETCATALOG_COMPILER_APPICON_NAME = AppIcon;
				CODE_SIGN_STYLE = Automatic;
				INFOPLIST_FILE = "bbva-project/Info.plist";
				LD_RUNPATH_SEARCH_PATHS = (
					"$(inherited)",
					"@executable_path/Frameworks",
				);
				PRODUCT_BUNDLE_IDENTIFIER = "com.roshka.bbva-project";
				PRODUCT_NAME = "$(TARGET_NAME)";
				SWIFT_VERSION = 5.0;
				TARGETED_DEVICE_FAMILY = "1,2";
			};
			name = Debug;
		};
		BB72D4C9242D53DD005499AB /* Release */ = {
			isa = XCBuildConfiguration;
			buildSettings = {
				ASSETCATALOG_COMPILER_APPICON_NAME = AppIcon;
				CODE_SIGN_STYLE = Automatic;
				INFOPLIST_FILE = "bbva-project/Info.plist";
				LD_RUNPATH_SEARCH_PATHS = (
					"$(inherited)",
					"@executable_path/Frameworks",
				);
				PRODUCT_BUNDLE_IDENTIFIER = "com.roshka.bbva-project";
				PRODUCT_NAME = "$(TARGET_NAME)";
				SWIFT_VERSION = 5.0;
				TARGETED_DEVICE_FAMILY = "1,2";
			};
			name = Release;
		};
		BB72D4CB242D53DD005499AB /* Debug */ = {
			isa = XCBuildConfiguration;
			buildSettings = {
				ALWAYS_EMBED_SWIFT_STANDARD_LIBRARIES = YES;
				BUNDLE_LOADER = "$(TEST_HOST)";
				CODE_SIGN_STYLE = Automatic;
				INFOPLIST_FILE = "bbva-projectTests/Info.plist";
				IPHONEOS_DEPLOYMENT_TARGET = 13.1;
				LD_RUNPATH_SEARCH_PATHS = (
					"$(inherited)",
					"@executable_path/Frameworks",
					"@loader_path/Frameworks",
				);
				PRODUCT_BUNDLE_IDENTIFIER = "com.roshka.bbva-projectTests";
				PRODUCT_NAME = "$(TARGET_NAME)";
				SWIFT_VERSION = 5.0;
				TARGETED_DEVICE_FAMILY = "1,2";
				TEST_HOST = "$(BUILT_PRODUCTS_DIR)/bbva-project.app/bbva-project";
			};
			name = Debug;
		};
		BB72D4CC242D53DD005499AB /* Release */ = {
			isa = XCBuildConfiguration;
			buildSettings = {
				ALWAYS_EMBED_SWIFT_STANDARD_LIBRARIES = YES;
				BUNDLE_LOADER = "$(TEST_HOST)";
				CODE_SIGN_STYLE = Automatic;
				INFOPLIST_FILE = "bbva-projectTests/Info.plist";
				IPHONEOS_DEPLOYMENT_TARGET = 13.1;
				LD_RUNPATH_SEARCH_PATHS = (
					"$(inherited)",
					"@executable_path/Frameworks",
					"@loader_path/Frameworks",
				);
				PRODUCT_BUNDLE_IDENTIFIER = "com.roshka.bbva-projectTests";
				PRODUCT_NAME = "$(TARGET_NAME)";
				SWIFT_VERSION = 5.0;
				TARGETED_DEVICE_FAMILY = "1,2";
				TEST_HOST = "$(BUILT_PRODUCTS_DIR)/bbva-project.app/bbva-project";
			};
			name = Release;
		};
		BB72D4CE242D53DD005499AB /* Debug */ = {
			isa = XCBuildConfiguration;
			buildSettings = {
				ALWAYS_EMBED_SWIFT_STANDARD_LIBRARIES = YES;
				CODE_SIGN_STYLE = Automatic;
				INFOPLIST_FILE = "bbva-projectUITests/Info.plist";
				LD_RUNPATH_SEARCH_PATHS = (
					"$(inherited)",
					"@executable_path/Frameworks",
					"@loader_path/Frameworks",
				);
				PRODUCT_BUNDLE_IDENTIFIER = "com.roshka.bbva-projectUITests";
				PRODUCT_NAME = "$(TARGET_NAME)";
				SWIFT_VERSION = 5.0;
				TARGETED_DEVICE_FAMILY = "1,2";
				TEST_TARGET_NAME = "bbva-project";
			};
			name = Debug;
		};
		BB72D4CF242D53DD005499AB /* Release */ = {
			isa = XCBuildConfiguration;
			buildSettings = {
				ALWAYS_EMBED_SWIFT_STANDARD_LIBRARIES = YES;
				CODE_SIGN_STYLE = Automatic;
				INFOPLIST_FILE = "bbva-projectUITests/Info.plist";
				LD_RUNPATH_SEARCH_PATHS = (
					"$(inherited)",
					"@executable_path/Frameworks",
					"@loader_path/Frameworks",
				);
				PRODUCT_BUNDLE_IDENTIFIER = "com.roshka.bbva-projectUITests";
				PRODUCT_NAME = "$(TARGET_NAME)";
				SWIFT_VERSION = 5.0;
				TARGETED_DEVICE_FAMILY = "1,2";
				TEST_TARGET_NAME = "bbva-project";
			};
			name = Release;
		};
/* End XCBuildConfiguration section */

/* Begin XCConfigurationList section */
		BB72D498242D53C9005499AB /* Build configuration list for PBXProject "bbva-project" */ = {
			isa = XCConfigurationList;
			buildConfigurations = (
				BB72D4C5242D53DD005499AB /* Debug */,
				BB72D4C6242D53DD005499AB /* Release */,
			);
			defaultConfigurationIsVisible = 0;
			defaultConfigurationName = Release;
		};
		BB72D4C7242D53DD005499AB /* Build configuration list for PBXNativeTarget "bbva-project" */ = {
			isa = XCConfigurationList;
			buildConfigurations = (
				BB72D4C8242D53DD005499AB /* Debug */,
				BB72D4C9242D53DD005499AB /* Release */,
			);
			defaultConfigurationIsVisible = 0;
			defaultConfigurationName = Release;
		};
		BB72D4CA242D53DD005499AB /* Build configuration list for PBXNativeTarget "bbva-projectTests" */ = {
			isa = XCConfigurationList;
			buildConfigurations = (
				BB72D4CB242D53DD005499AB /* Debug */,
				BB72D4CC242D53DD005499AB /* Release */,
			);
			defaultConfigurationIsVisible = 0;
			defaultConfigurationName = Release;
		};
		BB72D4CD242D53DD005499AB /* Build configuration list for PBXNativeTarget "bbva-projectUITests" */ = {
			isa = XCConfigurationList;
			buildConfigurations = (
				BB72D4CE242D53DD005499AB /* Debug */,
				BB72D4CF242D53DD005499AB /* Release */,
			);
			defaultConfigurationIsVisible = 0;
			defaultConfigurationName = Release;
		};
/* End XCConfigurationList section */
	};
	rootObject = BB72D495242D53C9005499AB /* Project object */;
}
